
Microsoft Visual Studio Solution File, Format Version 12.00
# Visual Studio Version 17
VisualStudioVersion = 17.0.32014.148
MinimumVisualStudioVersion = 10.0.40219.1
Project("{9A19103F-16F7-4668-BE54-9A1E7A4F7556}") = "PoC.DomainEntities", "PoC.DomainEntities\PoC.DomainEntities.csproj", "{63397DB9-2E18-421E-9665-21C2F0B6F9D2}"
EndProject
Project("{9A19103F-16F7-4668-BE54-9A1E7A4F7556}") = "PoC.BL", "PoC.BL\PoC.BL.csproj", "{BE0E6A84-FCBA-4820-ADEC-901D4CF1707A}"
EndProject
Project("{9A19103F-16F7-4668-BE54-9A1E7A4F7556}") = "PoC.Client.Console", "PoC.Client.Console\PoC.Client.Console.csproj", "{CB9F6444-56B8-46F4-B56B-64634AA7F55B}"
EndProject
Project("{9A19103F-16F7-4668-BE54-9A1E7A4F7556}") = "PoC.UnitTest", "PoC.UnitTest\PoC.UnitTest.csproj", "{E680EF5C-BA59-4CA9-BE0C-D98A610E0E5E}"
EndProject
Project("{9A19103F-16F7-4668-BE54-9A1E7A4F7556}") = "PoC.Data", "PoC.Data\PoC.Data.csproj", "{7B998B2C-41FD-4B6A-8375-07DE66437C8E}"
EndProject
Project("{00D1A9C2-B5F0-4AF3-8072-F6C62B433612}") = "PoC.Db", "PoC.Db\PoC.Db.sqlproj", "{65C35203-8356-401C-B354-86BDBF31DCC3}"
EndProject
Project("{9A19103F-16F7-4668-BE54-9A1E7A4F7556}") = "PoC.Client.Console.Sql", "PoC.Client.Console.Sql\PoC.Client.Console.Sql.csproj", "{0057A886-CECC-4F69-AD86-8F10ABB57E05}"
EndProject
Project("{9A19103F-16F7-4668-BE54-9A1E7A4F7556}") = "PoC.Api", "PoC.Api\PoC.Api.csproj", "{68847CD2-8BC3-44C8-9461-3BDA7EB5188F}"
EndProject
Project("{9A19103F-16F7-4668-BE54-9A1E7A4F7556}") = "PoC.Client.Blazor", "PoC.Client.Blazor\PoC.Client.Blazor.csproj", "{FAA8A402-24C9-4246-A163-C856D098E5E9}"
EndProject
Project("{9A19103F-16F7-4668-BE54-9A1E7A4F7556}") = "PoC.Runner", "PoC.Runner\PoC.Runner.csproj", "{89E0FE94-95EE-4E79-92F4-787AAE7429EF}"
EndProject
Project("{9A19103F-16F7-4668-BE54-9A1E7A4F7556}") = "PoC.Dtos", "PoC.Dtos\PoC.Dtos.csproj", "{296342FB-1A99-49F3-97C0-ACCDEBD104F1}"
EndProject
Global
	GlobalSection(SolutionConfigurationPlatforms) = preSolution
		Debug|Any CPU = Debug|Any CPU
		Release|Any CPU = Release|Any CPU
	EndGlobalSection
	GlobalSection(ProjectConfigurationPlatforms) = postSolution
		{63397DB9-2E18-421E-9665-21C2F0B6F9D2}.Debug|Any CPU.ActiveCfg = Debug|Any CPU
		{63397DB9-2E18-421E-9665-21C2F0B6F9D2}.Debug|Any CPU.Build.0 = Debug|Any CPU
		{63397DB9-2E18-421E-9665-21C2F0B6F9D2}.Release|Any CPU.ActiveCfg = Release|Any CPU
		{63397DB9-2E18-421E-9665-21C2F0B6F9D2}.Release|Any CPU.Build.0 = Release|Any CPU
		{BE0E6A84-FCBA-4820-ADEC-901D4CF1707A}.Debug|Any CPU.ActiveCfg = Debug|Any CPU
		{BE0E6A84-FCBA-4820-ADEC-901D4CF1707A}.Debug|Any CPU.Build.0 = Debug|Any CPU
		{BE0E6A84-FCBA-4820-ADEC-901D4CF1707A}.Release|Any CPU.ActiveCfg = Release|Any CPU
		{BE0E6A84-FCBA-4820-ADEC-901D4CF1707A}.Release|Any CPU.Build.0 = Release|Any CPU
		{CB9F6444-56B8-46F4-B56B-64634AA7F55B}.Debug|Any CPU.ActiveCfg = Debug|Any CPU
		{CB9F6444-56B8-46F4-B56B-64634AA7F55B}.Debug|Any CPU.Build.0 = Debug|Any CPU
		{CB9F6444-56B8-46F4-B56B-64634AA7F55B}.Release|Any CPU.ActiveCfg = Release|Any CPU
		{CB9F6444-56B8-46F4-B56B-64634AA7F55B}.Release|Any CPU.Build.0 = Release|Any CPU
		{E680EF5C-BA59-4CA9-BE0C-D98A610E0E5E}.Debug|Any CPU.ActiveCfg = Debug|Any CPU
		{E680EF5C-BA59-4CA9-BE0C-D98A610E0E5E}.Debug|Any CPU.Build.0 = Debug|Any CPU
		{E680EF5C-BA59-4CA9-BE0C-D98A610E0E5E}.Release|Any CPU.ActiveCfg = Release|Any CPU
		{E680EF5C-BA59-4CA9-BE0C-D98A610E0E5E}.Release|Any CPU.Build.0 = Release|Any CPU
		{7B998B2C-41FD-4B6A-8375-07DE66437C8E}.Debug|Any CPU.ActiveCfg = Debug|Any CPU
		{7B998B2C-41FD-4B6A-8375-07DE66437C8E}.Debug|Any CPU.Build.0 = Debug|Any CPU
		{7B998B2C-41FD-4B6A-8375-07DE66437C8E}.Release|Any CPU.ActiveCfg = Release|Any CPU
		{7B998B2C-41FD-4B6A-8375-07DE66437C8E}.Release|Any CPU.Build.0 = Release|Any CPU
		{65C35203-8356-401C-B354-86BDBF31DCC3}.Debug|Any CPU.ActiveCfg = Debug|Any CPU
		{65C35203-8356-401C-B354-86BDBF31DCC3}.Debug|Any CPU.Build.0 = Debug|Any CPU
		{65C35203-8356-401C-B354-86BDBF31DCC3}.Debug|Any CPU.Deploy.0 = Debug|Any CPU
		{65C35203-8356-401C-B354-86BDBF31DCC3}.Release|Any CPU.ActiveCfg = Release|Any CPU
		{65C35203-8356-401C-B354-86BDBF31DCC3}.Release|Any CPU.Build.0 = Release|Any CPU
		{65C35203-8356-401C-B354-86BDBF31DCC3}.Release|Any CPU.Deploy.0 = Release|Any CPU
		{0057A886-CECC-4F69-AD86-8F10ABB57E05}.Debug|Any CPU.ActiveCfg = Debug|Any CPU
		{0057A886-CECC-4F69-AD86-8F10ABB57E05}.Debug|Any CPU.Build.0 = Debug|Any CPU
		{0057A886-CECC-4F69-AD86-8F10ABB57E05}.Release|Any CPU.ActiveCfg = Release|Any CPU
		{0057A886-CECC-4F69-AD86-8F10ABB57E05}.Release|Any CPU.Build.0 = Release|Any CPU
		{68847CD2-8BC3-44C8-9461-3BDA7EB5188F}.Debug|Any CPU.ActiveCfg = Debug|Any CPU
		{68847CD2-8BC3-44C8-9461-3BDA7EB5188F}.Debug|Any CPU.Build.0 = Debug|Any CPU
		{68847CD2-8BC3-44C8-9461-3BDA7EB5188F}.Release|Any CPU.ActiveCfg = Release|Any CPU
		{68847CD2-8BC3-44C8-9461-3BDA7EB5188F}.Release|Any CPU.Build.0 = Release|Any CPU
		{FAA8A402-24C9-4246-A163-C856D098E5E9}.Debug|Any CPU.ActiveCfg = Debug|Any CPU
		{FAA8A402-24C9-4246-A163-C856D098E5E9}.Debug|Any CPU.Build.0 = Debug|Any CPU
		{FAA8A402-24C9-4246-A163-C856D098E5E9}.Release|Any CPU.ActiveCfg = Release|Any CPU
		{FAA8A402-24C9-4246-A163-C856D098E5E9}.Release|Any CPU.Build.0 = Release|Any CPU
		{89E0FE94-95EE-4E79-92F4-787AAE7429EF}.Debug|Any CPU.ActiveCfg = Debug|Any CPU
		{89E0FE94-95EE-4E79-92F4-787AAE7429EF}.Debug|Any CPU.Build.0 = Debug|Any CPU
		{89E0FE94-95EE-4E79-92F4-787AAE7429EF}.Release|Any CPU.ActiveCfg = Release|Any CPU
		{89E0FE94-95EE-4E79-92F4-787AAE7429EF}.Release|Any CPU.Build.0 = Release|Any CPU
		{296342FB-1A99-49F3-97C0-ACCDEBD104F1}.Debug|Any CPU.ActiveCfg = Debug|Any CPU
		{296342FB-1A99-49F3-97C0-ACCDEBD104F1}.Debug|Any CPU.Build.0 = Debug|Any CPU
		{296342FB-1A99-49F3-97C0-ACCDEBD104F1}.Release|Any CPU.ActiveCfg = Release|Any CPU
		{296342FB-1A99-49F3-97C0-ACCDEBD104F1}.Release|Any CPU.Build.0 = Release|Any CPU
	EndGlobalSection
	GlobalSection(SolutionProperties) = preSolution
		HideSolutionNode = FALSE
	EndGlobalSection
	GlobalSection(ExtensibilityGlobals) = postSolution
		SolutionGuid = {A1319DD2-DFED-4816-98BB-385F3063D4E0}
	EndGlobalSection
EndGlobal
